
Microsoft Visual Studio Solution File, Format Version 12.00
# Visual Studio Version 17
VisualStudioVersion = 17.0.31919.166
MinimumVisualStudioVersion = 10.0.40219.1
Project("{FAE04EC0-301F-11D3-BF4B-00C04F79EFBC}") = "GitRepoASPWebApp", "GitRepoASPWebApp\GitRepoASPWebApp.csproj", "{06351A2B-156C-48D5-BE39-EEB6B1E8798B}"
EndProject
Global
	GlobalSection(SolutionConfigurationPlatforms) = preSolution
		Debug|Any CPU = Debug|Any CPU
		Release|Any CPU = Release|Any CPU
	EndGlobalSection
	GlobalSection(ProjectConfigurationPlatforms) = postSolution
		{06351A2B-156C-48D5-BE39-EEB6B1E8798B}.Debug|Any CPU.ActiveCfg = Debug|Any CPU
		{06351A2B-156C-48D5-BE39-EEB6B1E8798B}.Debug|Any CPU.Build.0 = Debug|Any CPU
		{06351A2B-156C-48D5-BE39-EEB6B1E8798B}.Release|Any CPU.ActiveCfg = Release|Any CPU
		{06351A2B-156C-48D5-BE39-EEB6B1E8798B}.Release|Any CPU.Build.0 = Release|Any CPU
	EndGlobalSection
	GlobalSection(SolutionProperties) = preSolution
		HideSolutionNode = FALSE
	EndGlobalSection
	GlobalSection(ExtensibilityGlobals) = postSolution
		SolutionGuid = {C0C87840-6FBD-48CE-A624-C07FF652F49C}
	EndGlobalSection
EndGlobal
